
Microsoft Visual Studio Solution File, Format Version 12.00
# Visual Studio 14
VisualStudioVersion = 14.0.25420.1
MinimumVisualStudioVersion = 10.0.40219.1
Project("{FAE04EC0-301F-11D3-BF4B-00C04F79EFBC}") = "Fundamentals.Droid", "Fundamentals\Fundamentals.Droid\Fundamentals.Droid.csproj", "{06F06D67-88CD-4E0C-A45D-103C98961B94}"
EndProject
Project("{FAE04EC0-301F-11D3-BF4B-00C04F79EFBC}") = "Fundamentals.iOS", "Fundamentals\Fundamentals.iOS\Fundamentals.iOS.csproj", "{83FE8D25-2B71-43E5-A6C1-A8ADFECD28C6}"
EndProject
Project("{FAE04EC0-301F-11D3-BF4B-00C04F79EFBC}") = "Fundamentals.WinPhone", "Fundamentals\Fundamentals.WinPhone\Fundamentals.WinPhone.csproj", "{43171AC0-9252-4A9B-95F9-6ACD02447C25}"
EndProject
Project("{D954291E-2A0B-460D-934E-DC6B0785DB48}") = "Fundamentals", "Fundamentals\Fundamentals\Fundamentals.shproj", "{F0D886FA-C318-4C34-A986-0CD7647539E6}"
EndProject
Global
	GlobalSection(SharedMSBuildProjectFiles) = preSolution
		Fundamentals\Fundamentals\Fundamentals.projitems*{06f06d67-88cd-4e0c-a45d-103c98961b94}*SharedItemsImports = 4
		Fundamentals\Fundamentals\Fundamentals.projitems*{43171ac0-9252-4a9b-95f9-6acd02447c25}*SharedItemsImports = 4
		Fundamentals\Fundamentals\Fundamentals.projitems*{83fe8d25-2b71-43e5-a6c1-a8adfecd28c6}*SharedItemsImports = 4
		Fundamentals\Fundamentals\Fundamentals.projitems*{f0d886fa-c318-4c34-a986-0cd7647539e6}*SharedItemsImports = 13
	EndGlobalSection
	GlobalSection(SolutionConfigurationPlatforms) = preSolution
		Debug|Any CPU = Debug|Any CPU
		Debug|ARM = Debug|ARM
		Debug|iPhone = Debug|iPhone
		Debug|iPhoneSimulator = Debug|iPhoneSimulator
		Debug|x86 = Debug|x86
		Release|Any CPU = Release|Any CPU
		Release|ARM = Release|ARM
		Release|iPhone = Release|iPhone
		Release|iPhoneSimulator = Release|iPhoneSimulator
		Release|x86 = Release|x86
	EndGlobalSection
	GlobalSection(ProjectConfigurationPlatforms) = postSolution
		{06F06D67-88CD-4E0C-A45D-103C98961B94}.Debug|Any CPU.ActiveCfg = Debug|Any CPU
		{06F06D67-88CD-4E0C-A45D-103C98961B94}.Debug|Any CPU.Build.0 = Debug|Any CPU
		{06F06D67-88CD-4E0C-A45D-103C98961B94}.Debug|Any CPU.Deploy.0 = Debug|Any CPU
		{06F06D67-88CD-4E0C-A45D-103C98961B94}.Debug|ARM.ActiveCfg = Debug|Any CPU
		{06F06D67-88CD-4E0C-A45D-103C98961B94}.Debug|ARM.Build.0 = Debug|Any CPU
		{06F06D67-88CD-4E0C-A45D-103C98961B94}.Debug|ARM.Deploy.0 = Debug|Any CPU
		{06F06D67-88CD-4E0C-A45D-103C98961B94}.Debug|iPhone.ActiveCfg = Debug|Any CPU
		{06F06D67-88CD-4E0C-A45D-103C98961B94}.Debug|iPhone.Build.0 = Debug|Any CPU
		{06F06D67-88CD-4E0C-A45D-103C98961B94}.Debug|iPhone.Deploy.0 = Debug|Any CPU
		{06F06D67-88CD-4E0C-A45D-103C98961B94}.Debug|iPhoneSimulator.ActiveCfg = Debug|Any CPU
		{06F06D67-88CD-4E0C-A45D-103C98961B94}.Debug|iPhoneSimulator.Build.0 = Debug|Any CPU
		{06F06D67-88CD-4E0C-A45D-103C98961B94}.Debug|iPhoneSimulator.Deploy.0 = Debug|Any CPU
		{06F06D67-88CD-4E0C-A45D-103C98961B94}.Debug|x86.ActiveCfg = Debug|Any CPU
		{06F06D67-88CD-4E0C-A45D-103C98961B94}.Debug|x86.Build.0 = Debug|Any CPU
		{06F06D67-88CD-4E0C-A45D-103C98961B94}.Debug|x86.Deploy.0 = Debug|Any CPU
		{06F06D67-88CD-4E0C-A45D-103C98961B94}.Release|Any CPU.ActiveCfg = Release|Any CPU
		{06F06D67-88CD-4E0C-A45D-103C98961B94}.Release|Any CPU.Build.0 = Release|Any CPU
		{06F06D67-88CD-4E0C-A45D-103C98961B94}.Release|Any CPU.Deploy.0 = Release|Any CPU
		{06F06D67-88CD-4E0C-A45D-103C98961B94}.Release|ARM.ActiveCfg = Release|Any CPU
		{06F06D67-88CD-4E0C-A45D-103C98961B94}.Release|ARM.Build.0 = Release|Any CPU
		{06F06D67-88CD-4E0C-A45D-103C98961B94}.Release|ARM.Deploy.0 = Release|Any CPU
		{06F06D67-88CD-4E0C-A45D-103C98961B94}.Release|iPhone.ActiveCfg = Release|Any CPU
		{06F06D67-88CD-4E0C-A45D-103C98961B94}.Release|iPhone.Build.0 = Release|Any CPU
		{06F06D67-88CD-4E0C-A45D-103C98961B94}.Release|iPhone.Deploy.0 = Release|Any CPU
		{06F06D67-88CD-4E0C-A45D-103C98961B94}.Release|iPhoneSimulator.ActiveCfg = Release|Any CPU
		{06F06D67-88CD-4E0C-A45D-103C98961B94}.Release|iPhoneSimulator.Build.0 = Release|Any CPU
		{06F06D67-88CD-4E0C-A45D-103C98961B94}.Release|iPhoneSimulator.Deploy.0 = Release|Any CPU
		{06F06D67-88CD-4E0C-A45D-103C98961B94}.Release|x86.ActiveCfg = Release|Any CPU
		{06F06D67-88CD-4E0C-A45D-103C98961B94}.Release|x86.Build.0 = Release|Any CPU
		{06F06D67-88CD-4E0C-A45D-103C98961B94}.Release|x86.Deploy.0 = Release|Any CPU
		{83FE8D25-2B71-43E5-A6C1-A8ADFECD28C6}.Debug|Any CPU.ActiveCfg = Debug|iPhone
		{83FE8D25-2B71-43E5-A6C1-A8ADFECD28C6}.Debug|ARM.ActiveCfg = Debug|iPhone
		{83FE8D25-2B71-43E5-A6C1-A8ADFECD28C6}.Debug|iPhone.ActiveCfg = Debug|iPhone
		{83FE8D25-2B71-43E5-A6C1-A8ADFECD28C6}.Debug|iPhone.Build.0 = Debug|iPhone
		{83FE8D25-2B71-43E5-A6C1-A8ADFECD28C6}.Debug|iPhoneSimulator.ActiveCfg = Debug|iPhoneSimulator
		{83FE8D25-2B71-43E5-A6C1-A8ADFECD28C6}.Debug|iPhoneSimulator.Build.0 = Debug|iPhoneSimulator
		{83FE8D25-2B71-43E5-A6C1-A8ADFECD28C6}.Debug|x86.ActiveCfg = Debug|iPhone
		{83FE8D25-2B71-43E5-A6C1-A8ADFECD28C6}.Release|Any CPU.ActiveCfg = Release|iPhone
		{83FE8D25-2B71-43E5-A6C1-A8ADFECD28C6}.Release|ARM.ActiveCfg = Release|iPhone
		{83FE8D25-2B71-43E5-A6C1-A8ADFECD28C6}.Release|iPhone.ActiveCfg = Release|iPhone
		{83FE8D25-2B71-43E5-A6C1-A8ADFECD28C6}.Release|iPhone.Build.0 = Release|iPhone
		{83FE8D25-2B71-43E5-A6C1-A8ADFECD28C6}.Release|iPhoneSimulator.ActiveCfg = Release|iPhoneSimulator
		{83FE8D25-2B71-43E5-A6C1-A8ADFECD28C6}.Release|iPhoneSimulator.Build.0 = Release|iPhoneSimulator
		{83FE8D25-2B71-43E5-A6C1-A8ADFECD28C6}.Release|x86.ActiveCfg = Release|iPhone
		{43171AC0-9252-4A9B-95F9-6ACD02447C25}.Debug|Any CPU.ActiveCfg = Debug|Any CPU
		{43171AC0-9252-4A9B-95F9-6ACD02447C25}.Debug|Any CPU.Build.0 = Debug|Any CPU
		{43171AC0-9252-4A9B-95F9-6ACD02447C25}.Debug|Any CPU.Deploy.0 = Debug|Any CPU
		{43171AC0-9252-4A9B-95F9-6ACD02447C25}.Debug|ARM.ActiveCfg = Debug|ARM
		{43171AC0-9252-4A9B-95F9-6ACD02447C25}.Debug|ARM.Build.0 = Debug|ARM
		{43171AC0-9252-4A9B-95F9-6ACD02447C25}.Debug|ARM.Deploy.0 = Debug|ARM
		{43171AC0-9252-4A9B-95F9-6ACD02447C25}.Debug|iPhone.ActiveCfg = Debug|Any CPU
		{43171AC0-9252-4A9B-95F9-6ACD02447C25}.Debug|iPhone.Build.0 = Debug|Any CPU
		{43171AC0-9252-4A9B-95F9-6ACD02447C25}.Debug|iPhone.Deploy.0 = Debug|Any CPU
		{43171AC0-9252-4A9B-95F9-6ACD02447C25}.Debug|iPhoneSimulator.ActiveCfg = Debug|Any CPU
		{43171AC0-9252-4A9B-95F9-6ACD02447C25}.Debug|iPhoneSimulator.Build.0 = Debug|Any CPU
		{43171AC0-9252-4A9B-95F9-6ACD02447C25}.Debug|iPhoneSimulator.Deploy.0 = Debug|Any CPU
		{43171AC0-9252-4A9B-95F9-6ACD02447C25}.Debug|x86.ActiveCfg = Debug|x86
		{43171AC0-9252-4A9B-95F9-6ACD02447C25}.Debug|x86.Build.0 = Debug|x86
		{43171AC0-9252-4A9B-95F9-6ACD02447C25}.Debug|x86.Deploy.0 = Debug|x86
		{43171AC0-9252-4A9B-95F9-6ACD02447C25}.Release|Any CPU.ActiveCfg = Release|Any CPU
		{43171AC0-9252-4A9B-95F9-6ACD02447C25}.Release|Any CPU.Build.0 = Release|Any CPU
		{43171AC0-9252-4A9B-95F9-6ACD02447C25}.Release|Any CPU.Deploy.0 = Release|Any CPU
		{43171AC0-9252-4A9B-95F9-6ACD02447C25}.Release|ARM.ActiveCfg = Release|ARM
		{43171AC0-9252-4A9B-95F9-6ACD02447C25}.Release|ARM.Build.0 = Release|ARM
		{43171AC0-9252-4A9B-95F9-6ACD02447C25}.Release|ARM.Deploy.0 = Release|ARM
		{43171AC0-9252-4A9B-95F9-6ACD02447C25}.Release|iPhone.ActiveCfg = Release|Any CPU
		{43171AC0-9252-4A9B-95F9-6ACD02447C25}.Release|iPhone.Build.0 = Release|Any CPU
		{43171AC0-9252-4A9B-95F9-6ACD02447C25}.Release|iPhone.Deploy.0 = Release|Any CPU
		{43171AC0-9252-4A9B-95F9-6ACD02447C25}.Release|iPhoneSimulator.ActiveCfg = Release|Any CPU
		{43171AC0-9252-4A9B-95F9-6ACD02447C25}.Release|iPhoneSimulator.Build.0 = Release|Any CPU
		{43171AC0-9252-4A9B-95F9-6ACD02447C25}.Release|iPhoneSimulator.Deploy.0 = Release|Any CPU
		{43171AC0-9252-4A9B-95F9-6ACD02447C25}.Release|x86.ActiveCfg = Release|x86
		{43171AC0-9252-4A9B-95F9-6ACD02447C25}.Release|x86.Build.0 = Release|x86
		{43171AC0-9252-4A9B-95F9-6ACD02447C25}.Release|x86.Deploy.0 = Release|x86
	EndGlobalSection
	GlobalSection(SolutionProperties) = preSolution
		HideSolutionNode = FALSE
	EndGlobalSection
EndGlobal
